
PODS:
- AFIncrementalStore (0.2.0):
  - AFNetworking (>= 0.9.0)
- AFNetworking (1.0.1)
- ISO8601DateFormatter (0.6)
- Reachability (3.0.0)

DEPENDENCIES:
- AFIncrementalStore (from `https://github.com/AFNetworking/AFIncrementalStore.git')
- AFNetworking (= 1.0.1)
- ISO8601DateFormatter
- Reachability (from `https://github.com/tonymillion/Reachability.git')

EXTERNAL SOURCES:
  AFIncrementalStore:
    :git: https://github.com/AFNetworking/AFIncrementalStore.git
  Reachability:
    :git: https://github.com/tonymillion/Reachability.git

SPEC CHECKSUMS:
  AFIncrementalStore: 7d7d3071ab9251550860b317ca6561d2a486d531
  AFNetworking: 4c11f857c9a18d65f4257c90a1e74ac49f0ac422
  ISO8601DateFormatter: dc05a2481edf49668d85d3ff8c466c32eb544780
  Reachability: f5ae7c17d68794bb44a72f6f895264df2e6eca34

COCOAPODS: 0.16.0.rc2
