
PODS:
- AFIncrementalStore (0.1.0):
  - AFNetworking (>= 0.9.0)
- AFNetworking (1.0)
- Reachability (3.0.0)

DEPENDENCIES:
- AFIncrementalStore
- AFNetworking
- Reachability (from `https://github.com/tonymillion/Reachability.git')

EXTERNAL SOURCES:
  Reachability:
    :git: https://github.com/tonymillion/Reachability.git

SPEC CHECKSUMS:
  AFIncrementalStore: 81fa61bd06180839c8a3c934bf25b006dd16fd5f
  AFNetworking: 758a1cb1ab5a0d22795ba1c44abb9cad395bc126
  Reachability: f5ae7c17d68794bb44a72f6f895264df2e6eca34

COCOAPODS: 0.16.0.rc2
