<?xml version="1.0" encoding="UTF-8"?>
<!DOCTYPE plist PUBLIC "-//Apple//DTD PLIST 1.0//EN" "http://www.apple.com/DTDs/PropertyList-1.0.dtd">
<plist version="1.0">
<dict>
	<key>archiveVersion</key>
	<string>1</string>
	<key>classes</key>
	<dict/>
	<key>objectVersion</key>
	<string>46</string>
	<key>objects</key>
	<dict>
		<key>343AD514DE0449C9BE34F8CC</key>
		<dict>
			<key>explicitFileType</key>
			<string>archive.ar</string>
			<key>includeInIndex</key>
			<string>0</string>
			<key>isa</key>
			<string>PBXFileReference</string>
			<key>path</key>
			<string>libPods.a</string>
			<key>sourceTree</key>
			<string>BUILT_PRODUCTS_DIR</string>
		</dict>
		<key>5671C40DF10944099D466EA6</key>
		<dict>
			<key>explicitFileType</key>
			<string>archive.ar</string>
			<key>includeInIndex</key>
			<string>0</string>
			<key>isa</key>
			<string>PBXFileReference</string>
			<key>path</key>
			<string>libPods.a</string>
			<key>sourceTree</key>
			<string>BUILT_PRODUCTS_DIR</string>
		</dict>
		<key>568B0AF723B34A3297D0DAA8</key>
		<dict>
			<key>explicitFileType</key>
			<string>archive.ar</string>
			<key>includeInIndex</key>
			<string>0</string>
			<key>isa</key>
			<string>PBXFileReference</string>
			<key>path</key>
			<string>libPods.a</string>
			<key>sourceTree</key>
			<string>BUILT_PRODUCTS_DIR</string>
		</dict>
		<key>66955FB39A30441898097F47</key>
		<dict>
			<key>buildActionMask</key>
			<string>2147483647</string>
			<key>files</key>
			<array/>
			<key>inputPaths</key>
			<array/>
			<key>isa</key>
			<string>PBXShellScriptBuildPhase</string>
			<key>name</key>
			<string>Copy Pods Resources</string>
			<key>outputPaths</key>
			<array/>
			<key>runOnlyForDeploymentPostprocessing</key>
			<string>0</string>
			<key>shellPath</key>
			<string>/bin/sh</string>
			<key>shellScript</key>
			<string>"${SRCROOT}/Pods/Pods-resources.sh"
</string>
		</dict>
		<key>7115CA5EF7A941DF82D9388B</key>
		<dict>
			<key>fileRef</key>
			<string>568B0AF723B34A3297D0DAA8</string>
			<key>isa</key>
			<string>PBXBuildFile</string>
		</dict>
		<key>749E232706B9436F8479A3A4</key>
		<dict>
			<key>fileRef</key>
			<string>343AD514DE0449C9BE34F8CC</string>
			<key>isa</key>
			<string>PBXBuildFile</string>
		</dict>
		<key>74BD5A3637AF4589B5B466F9</key>
		<dict>
			<key>includeInIndex</key>
			<string>1</string>
			<key>isa</key>
			<string>PBXFileReference</string>
			<key>lastKnownFileType</key>
			<string>text.xcconfig</string>
			<key>name</key>
			<string>Pods.xcconfig</string>
			<key>path</key>
			<string>Pods/Pods.xcconfig</string>
			<key>sourceTree</key>
			<string>SOURCE_ROOT</string>
		</dict>
		<key>74D55AB8441B41E8BE10FA89</key>
		<dict>
			<key>buildActionMask</key>
			<string>2147483647</string>
			<key>files</key>
			<array/>
			<key>inputPaths</key>
			<array/>
			<key>isa</key>
			<string>PBXShellScriptBuildPhase</string>
			<key>name</key>
			<string>Copy Pods Resources</string>
			<key>outputPaths</key>
			<array/>
			<key>runOnlyForDeploymentPostprocessing</key>
			<string>0</string>
			<key>shellPath</key>
			<string>/bin/sh</string>
			<key>shellScript</key>
			<string>"${SRCROOT}/Pods/Pods-resources.sh"
</string>
		</dict>
		<key>790247BF16374A3000B912C6</key>
		<dict>
			<key>children</key>
			<array>
				<string>790247DD16374A3000B912C6</string>
				<string>790247DE16374A3000B912C6</string>
				<string>79932A27163757F6009BF83F</string>
				<string>79932A1116374C20009BF83F</string>
				<string>79932A2E163758D9009BF83F</string>
				<string>79932A1516374C3E009BF83F</string>
				<string>790247D516374A3000B912C6</string>
				<string>790247CD16374A3000B912C6</string>
				<string>790247CB16374A3000B912C6</string>
				<string>74BD5A3637AF4589B5B466F9</string>
				<string>C1E21E6BE17D43BF836BE464</string>
				<string>BBF46AD8B6D645719498661E</string>
			</array>
			<key>isa</key>
			<string>PBXGroup</string>
			<key>sourceTree</key>
			<string>&lt;group&gt;</string>
		</dict>
		<key>790247C116374A3000B912C6</key>
		<dict>
			<key>attributes</key>
			<dict>
				<key>CLASSPREFIX</key>
				<string>HRK</string>
				<key>LastUpgradeCheck</key>
				<string>0450</string>
				<key>ORGANIZATIONNAME</key>
				<string>Zach Williams</string>
			</dict>
			<key>buildConfigurationList</key>
			<string>790247C416374A3000B912C6</string>
			<key>compatibilityVersion</key>
			<string>Xcode 3.2</string>
			<key>developmentRegion</key>
			<string>English</string>
			<key>hasScannedForEncodings</key>
			<string>0</string>
			<key>isa</key>
			<string>PBXProject</string>
			<key>knownRegions</key>
			<array>
				<string>en</string>
			</array>
			<key>mainGroup</key>
			<string>790247BF16374A3000B912C6</string>
			<key>productRefGroup</key>
			<string>790247CB16374A3000B912C6</string>
			<key>projectDirPath</key>
			<string></string>
			<key>projectRoot</key>
			<string></string>
			<key>targets</key>
			<array>
				<string>790247C916374A3000B912C6</string>
			</array>
		</dict>
		<key>790247C416374A3000B912C6</key>
		<dict>
			<key>buildConfigurations</key>
			<array>
				<string>790247EC16374A3000B912C6</string>
				<string>790247ED16374A3000B912C6</string>
			</array>
			<key>defaultConfigurationIsVisible</key>
			<string>0</string>
			<key>defaultConfigurationName</key>
			<string>Release</string>
			<key>isa</key>
			<string>XCConfigurationList</string>
		</dict>
		<key>790247C616374A3000B912C6</key>
		<dict>
			<key>buildActionMask</key>
			<string>2147483647</string>
			<key>files</key>
			<array>
				<string>790247DB16374A3000B912C6</string>
				<string>790247DF16374A3000B912C6</string>
				<string>79932A31163758F8009BF83F</string>
				<string>79932A3616375ACB009BF83F</string>
				<string>79932A3916375B21009BF83F</string>
				<string>79F1606316375ED500AC2AAA</string>
				<string>795451C2164204A700C182FB</string>
				<string>7945900C1642E8590095B495</string>
				<string>79C8732A16432B250091467C</string>
				<string>79C8732D16432B250091467C</string>
				<string>795AE658164847A5004EE01C</string>
				<string>795AE65C1648504B004EE01C</string>
				<string>795AE65F16485150004EE01C</string>
				<string>792F4D331648A5E0003A3D09</string>
				<string>796BB5A71649A78E00474042</string>
				<string>796BB5AB1649A96500474042</string>
				<string>796BB5B01649AA4500474042</string>
				<string>7960F071164A4C5300AD51E0</string>
			</array>
			<key>isa</key>
			<string>PBXSourcesBuildPhase</string>
			<key>runOnlyForDeploymentPostprocessing</key>
			<string>0</string>
		</dict>
		<key>790247C716374A3000B912C6</key>
		<dict>
			<key>buildActionMask</key>
			<string>2147483647</string>
			<key>files</key>
			<array>
				<string>79DF16B116485E100073B7A5</string>
				<string>79932A331637590F009BF83F</string>
				<string>790247CF16374A3000B912C6</string>
				<string>790247D116374A3000B912C6</string>
				<string>790247D316374A3000B912C6</string>
				<string>7115CA5EF7A941DF82D9388B</string>
				<string>A87CC05B83054A7C99828F0C</string>
				<string>FE7935325DD14D66BDDCACE7</string>
				<string>749E232706B9436F8479A3A4</string>
				<string>F050A81C3F64492E900C605F</string>
			</array>
			<key>isa</key>
			<string>PBXFrameworksBuildPhase</string>
			<key>runOnlyForDeploymentPostprocessing</key>
			<string>0</string>
		</dict>
		<key>790247C816374A3000B912C6</key>
		<dict>
			<key>buildActionMask</key>
			<string>2147483647</string>
			<key>files</key>
			<array>
				<string>790247D916374A3000B912C6</string>
				<string>79932A0416374B9C009BF83F</string>
				<string>79932A0616374B9C009BF83F</string>
				<string>79932A0716374B9C009BF83F</string>
				<string>79932A0816374B9C009BF83F</string>
				<string>79F1606516376ACB00AC2AAA</string>
				<string>79F1606716376B7000AC2AAA</string>
				<string>79F160721637C4FE00AC2AAA</string>
				<string>79F160731637C4FE00AC2AAA</string>
				<string>795451CD1642601600C182FB</string>
				<string>795451CE1642601600C182FB</string>
				<string>7927A875164381E900A5D10F</string>
				<string>7927A876164381E900A5D10F</string>
				<string>79DF16B4164860ED0073B7A5</string>
				<string>79DF16B716487E6C0073B7A5</string>
				<string>79DF16B816487E6C0073B7A5</string>
				<string>792F4D2C164888AD003A3D09</string>
				<string>792F4D2D164888AD003A3D09</string>
				<string>792F4D301648A311003A3D09</string>
				<string>792F4D3D1648AAA1003A3D09</string>
				<string>792F4D3E1648AAA1003A3D09</string>
				<string>796BB5AD1649A97B00474042</string>
				<string>7960F075164A4CB800AD51E0</string>
				<string>79BF7EC216503ABC004E95C1</string>
				<string>79BF7EC316503ABC004E95C1</string>
				<string>79714A7716505958000FE97C</string>
				<string>79714A7816505958000FE97C</string>
				<string>79714A7A165059A3000FE97C</string>
			</array>
			<key>isa</key>
			<string>PBXResourcesBuildPhase</string>
			<key>runOnlyForDeploymentPostprocessing</key>
			<string>0</string>
		</dict>
		<key>790247C916374A3000B912C6</key>
		<dict>
			<key>buildConfigurationList</key>
			<string>790247EE16374A3000B912C6</string>
			<key>buildPhases</key>
			<array>
				<string>790247C616374A3000B912C6</string>
				<string>790247C716374A3000B912C6</string>
				<string>790247C816374A3000B912C6</string>
				<string>8CAF366B403A469B8B819420</string>
				<string>66955FB39A30441898097F47</string>
				<string>96FAF4BD96DF4C308859C84D</string>
				<string>74D55AB8441B41E8BE10FA89</string>
				<string>D5F052AFFACD4FED8D1CA8D4</string>
			</array>
			<key>buildRules</key>
			<array/>
			<key>dependencies</key>
			<array/>
			<key>isa</key>
			<string>PBXNativeTarget</string>
			<key>name</key>
			<string>Heroku</string>
			<key>productName</key>
			<string>Heroku</string>
			<key>productReference</key>
			<string>790247CA16374A3000B912C6</string>
			<key>productType</key>
			<string>com.apple.product-type.application</string>
		</dict>
		<key>790247CA16374A3000B912C6</key>
		<dict>
			<key>explicitFileType</key>
			<string>wrapper.application</string>
			<key>includeInIndex</key>
			<string>0</string>
			<key>isa</key>
			<string>PBXFileReference</string>
			<key>path</key>
			<string>Heroku.app</string>
			<key>sourceTree</key>
			<string>BUILT_PRODUCTS_DIR</string>
		</dict>
		<key>790247CB16374A3000B912C6</key>
		<dict>
			<key>children</key>
			<array>
				<string>790247CA16374A3000B912C6</string>
			</array>
			<key>isa</key>
			<string>PBXGroup</string>
			<key>name</key>
			<string>Products</string>
			<key>sourceTree</key>
			<string>&lt;group&gt;</string>
		</dict>
		<key>790247CD16374A3000B912C6</key>
		<dict>
			<key>children</key>
			<array>
				<string>79DF16B016485E100073B7A5</string>
				<string>79932A321637590F009BF83F</string>
				<string>790247CE16374A3000B912C6</string>
				<string>790247D016374A3000B912C6</string>
				<string>790247D216374A3000B912C6</string>
				<string>568B0AF723B34A3297D0DAA8</string>
				<string>7A82070330104C64A8E9CCD6</string>
				<string>5671C40DF10944099D466EA6</string>
				<string>343AD514DE0449C9BE34F8CC</string>
				<string>DE46A214B7E2469AA68B2384</string>
			</array>
			<key>isa</key>
			<string>PBXGroup</string>
			<key>name</key>
			<string>Frameworks</string>
			<key>sourceTree</key>
			<string>&lt;group&gt;</string>
		</dict>
		<key>790247CE16374A3000B912C6</key>
		<dict>
			<key>isa</key>
			<string>PBXFileReference</string>
			<key>lastKnownFileType</key>
			<string>wrapper.framework</string>
			<key>name</key>
			<string>UIKit.framework</string>
			<key>path</key>
			<string>System/Library/Frameworks/UIKit.framework</string>
			<key>sourceTree</key>
			<string>SDKROOT</string>
		</dict>
		<key>790247CF16374A3000B912C6</key>
		<dict>
			<key>fileRef</key>
			<string>790247CE16374A3000B912C6</string>
			<key>isa</key>
			<string>PBXBuildFile</string>
		</dict>
		<key>790247D016374A3000B912C6</key>
		<dict>
			<key>isa</key>
			<string>PBXFileReference</string>
			<key>lastKnownFileType</key>
			<string>wrapper.framework</string>
			<key>name</key>
			<string>Foundation.framework</string>
			<key>path</key>
			<string>System/Library/Frameworks/Foundation.framework</string>
			<key>sourceTree</key>
			<string>SDKROOT</string>
		</dict>
		<key>790247D116374A3000B912C6</key>
		<dict>
			<key>fileRef</key>
			<string>790247D016374A3000B912C6</string>
			<key>isa</key>
			<string>PBXBuildFile</string>
		</dict>
		<key>790247D216374A3000B912C6</key>
		<dict>
			<key>isa</key>
			<string>PBXFileReference</string>
			<key>lastKnownFileType</key>
			<string>wrapper.framework</string>
			<key>name</key>
			<string>CoreGraphics.framework</string>
			<key>path</key>
			<string>System/Library/Frameworks/CoreGraphics.framework</string>
			<key>sourceTree</key>
			<string>SDKROOT</string>
		</dict>
		<key>790247D316374A3000B912C6</key>
		<dict>
			<key>fileRef</key>
			<string>790247D216374A3000B912C6</string>
			<key>isa</key>
			<string>PBXBuildFile</string>
		</dict>
		<key>790247D516374A3000B912C6</key>
		<dict>
			<key>children</key>
			<array>
				<string>790247D616374A3000B912C6</string>
				<string>790247D716374A3000B912C6</string>
				<string>790247DA16374A3000B912C6</string>
				<string>790247DC16374A3000B912C6</string>
			</array>
			<key>isa</key>
			<string>PBXGroup</string>
			<key>name</key>
			<string>Supporting Files</string>
			<key>path</key>
			<string>Heroku</string>
			<key>sourceTree</key>
			<string>&lt;group&gt;</string>
		</dict>
		<key>790247D616374A3000B912C6</key>
		<dict>
			<key>isa</key>
			<string>PBXFileReference</string>
			<key>lastKnownFileType</key>
			<string>text.plist.xml</string>
			<key>path</key>
			<string>Heroku-Info.plist</string>
			<key>sourceTree</key>
			<string>&lt;group&gt;</string>
		</dict>
		<key>790247D716374A3000B912C6</key>
		<dict>
			<key>children</key>
			<array>
				<string>790247D816374A3000B912C6</string>
			</array>
			<key>isa</key>
			<string>PBXVariantGroup</string>
			<key>name</key>
			<string>InfoPlist.strings</string>
			<key>sourceTree</key>
			<string>&lt;group&gt;</string>
		</dict>
		<key>790247D816374A3000B912C6</key>
		<dict>
			<key>isa</key>
			<string>PBXFileReference</string>
			<key>lastKnownFileType</key>
			<string>text.plist.strings</string>
			<key>name</key>
			<string>en</string>
			<key>path</key>
			<string>en.lproj/InfoPlist.strings</string>
			<key>sourceTree</key>
			<string>&lt;group&gt;</string>
		</dict>
		<key>790247D916374A3000B912C6</key>
		<dict>
			<key>fileRef</key>
			<string>790247D716374A3000B912C6</string>
			<key>isa</key>
			<string>PBXBuildFile</string>
		</dict>
		<key>790247DA16374A3000B912C6</key>
		<dict>
			<key>isa</key>
			<string>PBXFileReference</string>
			<key>lastKnownFileType</key>
			<string>sourcecode.c.objc</string>
			<key>path</key>
			<string>main.m</string>
			<key>sourceTree</key>
			<string>&lt;group&gt;</string>
		</dict>
		<key>790247DB16374A3000B912C6</key>
		<dict>
			<key>fileRef</key>
			<string>790247DA16374A3000B912C6</string>
			<key>isa</key>
			<string>PBXBuildFile</string>
		</dict>
		<key>790247DC16374A3000B912C6</key>
		<dict>
			<key>isa</key>
			<string>PBXFileReference</string>
			<key>lastKnownFileType</key>
			<string>sourcecode.c.h</string>
			<key>path</key>
			<string>Heroku-Prefix.pch</string>
			<key>sourceTree</key>
			<string>&lt;group&gt;</string>
		</dict>
		<key>790247DD16374A3000B912C6</key>
		<dict>
			<key>isa</key>
			<string>PBXFileReference</string>
			<key>lastKnownFileType</key>
			<string>sourcecode.c.h</string>
			<key>name</key>
			<string>HRKAppDelegate.h</string>
			<key>path</key>
			<string>Heroku/HRKAppDelegate.h</string>
			<key>sourceTree</key>
			<string>&lt;group&gt;</string>
		</dict>
		<key>790247DE16374A3000B912C6</key>
		<dict>
			<key>isa</key>
			<string>PBXFileReference</string>
			<key>lastKnownFileType</key>
			<string>sourcecode.c.objc</string>
			<key>name</key>
			<string>HRKAppDelegate.m</string>
			<key>path</key>
			<string>Heroku/HRKAppDelegate.m</string>
			<key>sourceTree</key>
			<string>&lt;group&gt;</string>
		</dict>
		<key>790247DF16374A3000B912C6</key>
		<dict>
			<key>fileRef</key>
			<string>790247DE16374A3000B912C6</string>
			<key>isa</key>
			<string>PBXBuildFile</string>
		</dict>
		<key>790247EC16374A3000B912C6</key>
		<dict>
			<key>buildSettings</key>
			<dict>
				<key>ALWAYS_SEARCH_USER_PATHS</key>
				<string>NO</string>
				<key>CLANG_CXX_LANGUAGE_STANDARD</key>
				<string>gnu++0x</string>
				<key>CLANG_CXX_LIBRARY</key>
				<string>libc++</string>
				<key>CLANG_ENABLE_OBJC_ARC</key>
				<string>YES</string>
				<key>CLANG_WARN_EMPTY_BODY</key>
				<string>YES</string>
				<key>CLANG_WARN__DUPLICATE_METHOD_MATCH</key>
				<string>YES</string>
				<key>CODE_SIGN_IDENTITY[sdk=iphoneos*]</key>
				<string>iPhone Developer</string>
				<key>COPY_PHASE_STRIP</key>
				<string>NO</string>
				<key>GCC_C_LANGUAGE_STANDARD</key>
				<string>gnu99</string>
				<key>GCC_DYNAMIC_NO_PIC</key>
				<string>NO</string>
				<key>GCC_OPTIMIZATION_LEVEL</key>
				<string>0</string>
				<key>GCC_PREPROCESSOR_DEFINITIONS</key>
				<array>
					<string>DEBUG=1</string>
					<string>$(inherited)</string>
				</array>
				<key>GCC_SYMBOLS_PRIVATE_EXTERN</key>
				<string>NO</string>
				<key>GCC_WARN_ABOUT_RETURN_TYPE</key>
				<string>YES</string>
				<key>GCC_WARN_UNINITIALIZED_AUTOS</key>
				<string>YES</string>
				<key>GCC_WARN_UNUSED_VARIABLE</key>
				<string>YES</string>
				<key>IPHONEOS_DEPLOYMENT_TARGET</key>
				<string>6.0</string>
				<key>SDKROOT</key>
				<string>iphoneos</string>
			</dict>
			<key>isa</key>
			<string>XCBuildConfiguration</string>
			<key>name</key>
			<string>Debug</string>
		</dict>
		<key>790247ED16374A3000B912C6</key>
		<dict>
			<key>buildSettings</key>
			<dict>
				<key>ALWAYS_SEARCH_USER_PATHS</key>
				<string>NO</string>
				<key>CLANG_CXX_LANGUAGE_STANDARD</key>
				<string>gnu++0x</string>
				<key>CLANG_CXX_LIBRARY</key>
				<string>libc++</string>
				<key>CLANG_ENABLE_OBJC_ARC</key>
				<string>YES</string>
				<key>CLANG_WARN_EMPTY_BODY</key>
				<string>YES</string>
				<key>CLANG_WARN__DUPLICATE_METHOD_MATCH</key>
				<string>YES</string>
				<key>CODE_SIGN_IDENTITY[sdk=iphoneos*]</key>
				<string>iPhone Developer</string>
				<key>COPY_PHASE_STRIP</key>
				<string>YES</string>
				<key>GCC_C_LANGUAGE_STANDARD</key>
				<string>gnu99</string>
				<key>GCC_WARN_ABOUT_RETURN_TYPE</key>
				<string>YES</string>
				<key>GCC_WARN_UNINITIALIZED_AUTOS</key>
				<string>YES</string>
				<key>GCC_WARN_UNUSED_VARIABLE</key>
				<string>YES</string>
				<key>IPHONEOS_DEPLOYMENT_TARGET</key>
				<string>6.0</string>
				<key>OTHER_CFLAGS</key>
				<string>-DNS_BLOCK_ASSERTIONS=1</string>
				<key>SDKROOT</key>
				<string>iphoneos</string>
				<key>VALIDATE_PRODUCT</key>
				<string>YES</string>
			</dict>
			<key>isa</key>
			<string>XCBuildConfiguration</string>
			<key>name</key>
			<string>Release</string>
		</dict>
		<key>790247EE16374A3000B912C6</key>
		<dict>
			<key>buildConfigurations</key>
			<array>
				<string>790247EF16374A3000B912C6</string>
				<string>790247F016374A3000B912C6</string>
			</array>
			<key>defaultConfigurationIsVisible</key>
			<string>0</string>
			<key>defaultConfigurationName</key>
			<string>Release</string>
			<key>isa</key>
			<string>XCConfigurationList</string>
		</dict>
		<key>790247EF16374A3000B912C6</key>
		<dict>
			<key>baseConfigurationReference</key>
			<string>BBF46AD8B6D645719498661E</string>
			<key>buildSettings</key>
			<dict>
				<key>GCC_PRECOMPILE_PREFIX_HEADER</key>
				<string>YES</string>
				<key>GCC_PREFIX_HEADER</key>
				<string>Heroku/Heroku-Prefix.pch</string>
				<key>INFOPLIST_FILE</key>
				<string>Heroku/Heroku-Info.plist</string>
				<key>PRODUCT_NAME</key>
				<string>$(TARGET_NAME)</string>
				<key>WRAPPER_EXTENSION</key>
				<string>app</string>
			</dict>
			<key>isa</key>
			<string>XCBuildConfiguration</string>
			<key>name</key>
			<string>Debug</string>
		</dict>
		<key>790247F016374A3000B912C6</key>
		<dict>
			<key>baseConfigurationReference</key>
			<string>BBF46AD8B6D645719498661E</string>
			<key>buildSettings</key>
			<dict>
				<key>GCC_PRECOMPILE_PREFIX_HEADER</key>
				<string>YES</string>
				<key>GCC_PREFIX_HEADER</key>
				<string>Heroku/Heroku-Prefix.pch</string>
				<key>INFOPLIST_FILE</key>
				<string>Heroku/Heroku-Info.plist</string>
				<key>PRODUCT_NAME</key>
				<string>$(TARGET_NAME)</string>
				<key>WRAPPER_EXTENSION</key>
				<string>app</string>
			</dict>
			<key>isa</key>
			<string>XCBuildConfiguration</string>
			<key>name</key>
			<string>Release</string>
		</dict>
		<key>7927A873164381E900A5D10F</key>
		<dict>
			<key>isa</key>
			<string>PBXFileReference</string>
			<key>lastKnownFileType</key>
			<string>image.png</string>
			<key>path</key>
			<string>titlebar.png</string>
			<key>sourceTree</key>
			<string>&lt;group&gt;</string>
		</dict>
		<key>7927A874164381E900A5D10F</key>
		<dict>
			<key>isa</key>
			<string>PBXFileReference</string>
			<key>lastKnownFileType</key>
			<string>image.png</string>
			<key>path</key>
			<string>titlebar@2x.png</string>
			<key>sourceTree</key>
			<string>&lt;group&gt;</string>
		</dict>
		<key>7927A875164381E900A5D10F</key>
		<dict>
			<key>fileRef</key>
			<string>7927A873164381E900A5D10F</string>
			<key>isa</key>
			<string>PBXBuildFile</string>
		</dict>
		<key>7927A876164381E900A5D10F</key>
		<dict>
			<key>fileRef</key>
			<string>7927A874164381E900A5D10F</string>
			<key>isa</key>
			<string>PBXBuildFile</string>
		</dict>
		<key>792F4D2A164888AD003A3D09</key>
		<dict>
			<key>isa</key>
			<string>PBXFileReference</string>
			<key>lastKnownFileType</key>
			<string>image.png</string>
			<key>path</key>
			<string>arrow.png</string>
			<key>sourceTree</key>
			<string>&lt;group&gt;</string>
		</dict>
		<key>792F4D2B164888AD003A3D09</key>
		<dict>
			<key>isa</key>
			<string>PBXFileReference</string>
			<key>lastKnownFileType</key>
			<string>image.png</string>
			<key>path</key>
			<string>arrow@2x.png</string>
			<key>sourceTree</key>
			<string>&lt;group&gt;</string>
		</dict>
		<key>792F4D2C164888AD003A3D09</key>
		<dict>
			<key>fileRef</key>
			<string>792F4D2A164888AD003A3D09</string>
			<key>isa</key>
			<string>PBXBuildFile</string>
		</dict>
		<key>792F4D2D164888AD003A3D09</key>
		<dict>
			<key>fileRef</key>
			<string>792F4D2B164888AD003A3D09</string>
			<key>isa</key>
			<string>PBXBuildFile</string>
		</dict>
		<key>792F4D2F1648A311003A3D09</key>
		<dict>
			<key>fileEncoding</key>
			<string>4</string>
			<key>isa</key>
			<string>PBXFileReference</string>
			<key>lastKnownFileType</key>
			<string>file.xib</string>
			<key>path</key>
			<string>HRKCurrentStatus.xib</string>
			<key>sourceTree</key>
			<string>&lt;group&gt;</string>
		</dict>
		<key>792F4D301648A311003A3D09</key>
		<dict>
			<key>fileRef</key>
			<string>792F4D2F1648A311003A3D09</string>
			<key>isa</key>
			<string>PBXBuildFile</string>
		</dict>
		<key>792F4D311648A5E0003A3D09</key>
		<dict>
			<key>fileEncoding</key>
			<string>4</string>
			<key>isa</key>
			<string>PBXFileReference</string>
			<key>lastKnownFileType</key>
			<string>sourcecode.c.h</string>
			<key>path</key>
			<string>HRKCurrentStatus.h</string>
			<key>sourceTree</key>
			<string>&lt;group&gt;</string>
		</dict>
		<key>792F4D321648A5E0003A3D09</key>
		<dict>
			<key>fileEncoding</key>
			<string>4</string>
			<key>isa</key>
			<string>PBXFileReference</string>
			<key>lastKnownFileType</key>
			<string>sourcecode.c.objc</string>
			<key>path</key>
			<string>HRKCurrentStatus.m</string>
			<key>sourceTree</key>
			<string>&lt;group&gt;</string>
		</dict>
		<key>792F4D331648A5E0003A3D09</key>
		<dict>
			<key>fileRef</key>
			<string>792F4D321648A5E0003A3D09</string>
			<key>isa</key>
			<string>PBXBuildFile</string>
		</dict>
		<key>792F4D3B1648AAA1003A3D09</key>
		<dict>
			<key>isa</key>
			<string>PBXFileReference</string>
			<key>lastKnownFileType</key>
			<string>image.png</string>
			<key>path</key>
			<string>circle.png</string>
			<key>sourceTree</key>
			<string>&lt;group&gt;</string>
		</dict>
		<key>792F4D3C1648AAA1003A3D09</key>
		<dict>
			<key>isa</key>
			<string>PBXFileReference</string>
			<key>lastKnownFileType</key>
			<string>image.png</string>
			<key>path</key>
			<string>circle@2x.png</string>
			<key>sourceTree</key>
			<string>&lt;group&gt;</string>
		</dict>
		<key>792F4D3D1648AAA1003A3D09</key>
		<dict>
			<key>fileRef</key>
			<string>792F4D3B1648AAA1003A3D09</string>
			<key>isa</key>
			<string>PBXBuildFile</string>
		</dict>
		<key>792F4D3E1648AAA1003A3D09</key>
		<dict>
			<key>fileRef</key>
			<string>792F4D3C1648AAA1003A3D09</string>
			<key>isa</key>
			<string>PBXBuildFile</string>
		</dict>
		<key>794590081642E8070095B495</key>
		<dict>
			<key>isa</key>
			<string>PBXFileReference</string>
			<key>lastKnownFileType</key>
			<string>wrapper.xcdatamodel</string>
			<key>path</key>
			<string>Heroku 1.0a.xcdatamodel</string>
			<key>sourceTree</key>
			<string>&lt;group&gt;</string>
		</dict>
		<key>7945900A1642E8590095B495</key>
		<dict>
			<key>fileEncoding</key>
			<string>4</string>
			<key>isa</key>
			<string>PBXFileReference</string>
			<key>lastKnownFileType</key>
			<string>sourcecode.c.h</string>
			<key>path</key>
			<string>HRKFormatter.h</string>
			<key>sourceTree</key>
			<string>&lt;group&gt;</string>
		</dict>
		<key>7945900B1642E8590095B495</key>
		<dict>
			<key>fileEncoding</key>
			<string>4</string>
			<key>isa</key>
			<string>PBXFileReference</string>
			<key>lastKnownFileType</key>
			<string>sourcecode.c.objc</string>
			<key>path</key>
			<string>HRKFormatter.m</string>
			<key>sourceTree</key>
			<string>&lt;group&gt;</string>
		</dict>
		<key>7945900C1642E8590095B495</key>
		<dict>
			<key>fileRef</key>
			<string>7945900B1642E8590095B495</string>
			<key>isa</key>
			<string>PBXBuildFile</string>
		</dict>
		<key>795451C0164204A700C182FB</key>
		<dict>
			<key>fileEncoding</key>
			<string>4</string>
			<key>isa</key>
			<string>PBXFileReference</string>
			<key>lastKnownFileType</key>
			<string>sourcecode.c.h</string>
			<key>path</key>
			<string>HRKTheme.h</string>
			<key>sourceTree</key>
			<string>&lt;group&gt;</string>
		</dict>
		<key>795451C1164204A700C182FB</key>
		<dict>
			<key>fileEncoding</key>
			<string>4</string>
			<key>isa</key>
			<string>PBXFileReference</string>
			<key>lastKnownFileType</key>
			<string>sourcecode.c.objc</string>
			<key>path</key>
			<string>HRKTheme.m</string>
			<key>sourceTree</key>
			<string>&lt;group&gt;</string>
		</dict>
		<key>795451C2164204A700C182FB</key>
		<dict>
			<key>fileRef</key>
			<string>795451C1164204A700C182FB</string>
			<key>isa</key>
			<string>PBXBuildFile</string>
		</dict>
		<key>795451CB1642601600C182FB</key>
		<dict>
			<key>isa</key>
			<string>PBXFileReference</string>
			<key>lastKnownFileType</key>
			<string>image.png</string>
			<key>path</key>
			<string>back.png</string>
			<key>sourceTree</key>
			<string>&lt;group&gt;</string>
		</dict>
		<key>795451CC1642601600C182FB</key>
		<dict>
			<key>isa</key>
			<string>PBXFileReference</string>
			<key>lastKnownFileType</key>
			<string>image.png</string>
			<key>path</key>
			<string>back@2x.png</string>
			<key>sourceTree</key>
			<string>&lt;group&gt;</string>
		</dict>
		<key>795451CD1642601600C182FB</key>
		<dict>
			<key>fileRef</key>
			<string>795451CB1642601600C182FB</string>
			<key>isa</key>
			<string>PBXBuildFile</string>
		</dict>
		<key>795451CE1642601600C182FB</key>
		<dict>
			<key>fileRef</key>
			<string>795451CC1642601600C182FB</string>
			<key>isa</key>
			<string>PBXBuildFile</string>
		</dict>
		<key>795AE656164847A5004EE01C</key>
		<dict>
			<key>fileEncoding</key>
			<string>4</string>
			<key>isa</key>
			<string>PBXFileReference</string>
			<key>lastKnownFileType</key>
			<string>sourcecode.c.h</string>
			<key>path</key>
			<string>HRKIssuesViewController.h</string>
			<key>sourceTree</key>
			<string>&lt;group&gt;</string>
		</dict>
		<key>795AE657164847A5004EE01C</key>
		<dict>
			<key>fileEncoding</key>
			<string>4</string>
			<key>isa</key>
			<string>PBXFileReference</string>
			<key>lastKnownFileType</key>
			<string>sourcecode.c.objc</string>
			<key>path</key>
			<string>HRKIssuesViewController.m</string>
			<key>sourceTree</key>
			<string>&lt;group&gt;</string>
		</dict>
		<key>795AE658164847A5004EE01C</key>
		<dict>
			<key>fileRef</key>
			<string>795AE657164847A5004EE01C</string>
			<key>isa</key>
			<string>PBXBuildFile</string>
		</dict>
		<key>795AE65A1648504B004EE01C</key>
		<dict>
			<key>fileEncoding</key>
			<string>4</string>
			<key>isa</key>
			<string>PBXFileReference</string>
			<key>lastKnownFileType</key>
			<string>sourcecode.c.h</string>
			<key>path</key>
			<string>HRKIssuesLayout.h</string>
			<key>sourceTree</key>
			<string>&lt;group&gt;</string>
		</dict>
		<key>795AE65B1648504B004EE01C</key>
		<dict>
			<key>fileEncoding</key>
			<string>4</string>
			<key>isa</key>
			<string>PBXFileReference</string>
			<key>lastKnownFileType</key>
			<string>sourcecode.c.objc</string>
			<key>path</key>
			<string>HRKIssuesLayout.m</string>
			<key>sourceTree</key>
			<string>&lt;group&gt;</string>
		</dict>
		<key>795AE65C1648504B004EE01C</key>
		<dict>
			<key>fileRef</key>
			<string>795AE65B1648504B004EE01C</string>
			<key>isa</key>
			<string>PBXBuildFile</string>
		</dict>
		<key>795AE65D16485150004EE01C</key>
		<dict>
			<key>fileEncoding</key>
			<string>4</string>
			<key>isa</key>
			<string>PBXFileReference</string>
			<key>lastKnownFileType</key>
			<string>sourcecode.c.h</string>
			<key>path</key>
			<string>HRKIssueCell.h</string>
			<key>sourceTree</key>
			<string>&lt;group&gt;</string>
		</dict>
		<key>795AE65E16485150004EE01C</key>
		<dict>
			<key>fileEncoding</key>
			<string>4</string>
			<key>isa</key>
			<string>PBXFileReference</string>
			<key>lastKnownFileType</key>
			<string>sourcecode.c.objc</string>
			<key>path</key>
			<string>HRKIssueCell.m</string>
			<key>sourceTree</key>
			<string>&lt;group&gt;</string>
		</dict>
		<key>795AE65F16485150004EE01C</key>
		<dict>
			<key>fileRef</key>
			<string>795AE65E16485150004EE01C</string>
			<key>isa</key>
			<string>PBXBuildFile</string>
		</dict>
		<key>7960F06F164A4C5300AD51E0</key>
		<dict>
			<key>fileEncoding</key>
			<string>4</string>
			<key>isa</key>
			<string>PBXFileReference</string>
			<key>lastKnownFileType</key>
			<string>sourcecode.c.h</string>
			<key>path</key>
			<string>HRKUpdateHeaderView.h</string>
			<key>sourceTree</key>
			<string>&lt;group&gt;</string>
		</dict>
		<key>7960F070164A4C5300AD51E0</key>
		<dict>
			<key>fileEncoding</key>
			<string>4</string>
			<key>isa</key>
			<string>PBXFileReference</string>
			<key>lastKnownFileType</key>
			<string>sourcecode.c.objc</string>
			<key>path</key>
			<string>HRKUpdateHeaderView.m</string>
			<key>sourceTree</key>
			<string>&lt;group&gt;</string>
		</dict>
		<key>7960F071164A4C5300AD51E0</key>
		<dict>
			<key>fileRef</key>
			<string>7960F070164A4C5300AD51E0</string>
			<key>isa</key>
			<string>PBXBuildFile</string>
		</dict>
		<key>7960F074164A4CB800AD51E0</key>
		<dict>
			<key>fileEncoding</key>
			<string>4</string>
			<key>isa</key>
			<string>PBXFileReference</string>
			<key>lastKnownFileType</key>
			<string>file.xib</string>
			<key>path</key>
			<string>HRKUpdateHeaderView.xib</string>
			<key>sourceTree</key>
			<string>&lt;group&gt;</string>
		</dict>
		<key>7960F075164A4CB800AD51E0</key>
		<dict>
			<key>fileRef</key>
			<string>7960F074164A4CB800AD51E0</string>
			<key>isa</key>
			<string>PBXBuildFile</string>
		</dict>
		<key>796BB5A51649A78E00474042</key>
		<dict>
			<key>fileEncoding</key>
			<string>4</string>
			<key>isa</key>
			<string>PBXFileReference</string>
			<key>lastKnownFileType</key>
			<string>sourcecode.c.h</string>
			<key>path</key>
			<string>HRKUpdatesViewController.h</string>
			<key>sourceTree</key>
			<string>&lt;group&gt;</string>
		</dict>
		<key>796BB5A61649A78E00474042</key>
		<dict>
			<key>fileEncoding</key>
			<string>4</string>
			<key>isa</key>
			<string>PBXFileReference</string>
			<key>lastKnownFileType</key>
			<string>sourcecode.c.objc</string>
			<key>path</key>
			<string>HRKUpdatesViewController.m</string>
			<key>sourceTree</key>
			<string>&lt;group&gt;</string>
		</dict>
		<key>796BB5A71649A78E00474042</key>
		<dict>
			<key>fileRef</key>
			<string>796BB5A61649A78E00474042</string>
			<key>isa</key>
			<string>PBXBuildFile</string>
		</dict>
		<key>796BB5A91649A96500474042</key>
		<dict>
			<key>fileEncoding</key>
			<string>4</string>
			<key>isa</key>
			<string>PBXFileReference</string>
			<key>lastKnownFileType</key>
			<string>sourcecode.c.h</string>
			<key>path</key>
			<string>HRKUpdateCollectionCell.h</string>
			<key>sourceTree</key>
			<string>&lt;group&gt;</string>
		</dict>
		<key>796BB5AA1649A96500474042</key>
		<dict>
			<key>fileEncoding</key>
			<string>4</string>
			<key>isa</key>
			<string>PBXFileReference</string>
			<key>lastKnownFileType</key>
			<string>sourcecode.c.objc</string>
			<key>path</key>
			<string>HRKUpdateCollectionCell.m</string>
			<key>sourceTree</key>
			<string>&lt;group&gt;</string>
		</dict>
		<key>796BB5AB1649A96500474042</key>
		<dict>
			<key>fileRef</key>
			<string>796BB5AA1649A96500474042</string>
			<key>isa</key>
			<string>PBXBuildFile</string>
		</dict>
		<key>796BB5AC1649A97B00474042</key>
		<dict>
			<key>fileEncoding</key>
			<string>4</string>
			<key>isa</key>
			<string>PBXFileReference</string>
			<key>lastKnownFileType</key>
			<string>file.xib</string>
			<key>path</key>
			<string>HRKUpdateCollectionCell.xib</string>
			<key>sourceTree</key>
			<string>&lt;group&gt;</string>
		</dict>
		<key>796BB5AD1649A97B00474042</key>
		<dict>
			<key>fileRef</key>
			<string>796BB5AC1649A97B00474042</string>
			<key>isa</key>
			<string>PBXBuildFile</string>
		</dict>
		<key>796BB5AE1649AA4500474042</key>
		<dict>
			<key>fileEncoding</key>
			<string>4</string>
			<key>isa</key>
			<string>PBXFileReference</string>
			<key>lastKnownFileType</key>
			<string>sourcecode.c.h</string>
			<key>path</key>
			<string>HRKUpdatesLayout.h</string>
			<key>sourceTree</key>
			<string>&lt;group&gt;</string>
		</dict>
		<key>796BB5AF1649AA4500474042</key>
		<dict>
			<key>fileEncoding</key>
			<string>4</string>
			<key>isa</key>
			<string>PBXFileReference</string>
			<key>lastKnownFileType</key>
			<string>sourcecode.c.objc</string>
			<key>path</key>
			<string>HRKUpdatesLayout.m</string>
			<key>sourceTree</key>
			<string>&lt;group&gt;</string>
		</dict>
		<key>796BB5B01649AA4500474042</key>
		<dict>
			<key>fileRef</key>
			<string>796BB5AF1649AA4500474042</string>
			<key>isa</key>
			<string>PBXBuildFile</string>
		</dict>
		<key>79714A7416505958000FE97C</key>
		<dict>
			<key>isa</key>
			<string>PBXFileReference</string>
			<key>lastKnownFileType</key>
			<string>image.png</string>
			<key>path</key>
			<string>Default.png</string>
			<key>sourceTree</key>
			<string>SOURCE_ROOT</string>
		</dict>
		<key>79714A7516505958000FE97C</key>
		<dict>
			<key>isa</key>
			<string>PBXFileReference</string>
			<key>lastKnownFileType</key>
			<string>image.png</string>
			<key>path</key>
			<string>Default@2x.png</string>
			<key>sourceTree</key>
			<string>SOURCE_ROOT</string>
		</dict>
		<key>79714A7716505958000FE97C</key>
		<dict>
			<key>fileRef</key>
			<string>79714A7416505958000FE97C</string>
			<key>isa</key>
			<string>PBXBuildFile</string>
		</dict>
		<key>79714A7816505958000FE97C</key>
		<dict>
			<key>fileRef</key>
			<string>79714A7516505958000FE97C</string>
			<key>isa</key>
			<string>PBXBuildFile</string>
		</dict>
		<key>79714A79165059A3000FE97C</key>
		<dict>
			<key>isa</key>
			<string>PBXFileReference</string>
			<key>lastKnownFileType</key>
			<string>image.png</string>
			<key>path</key>
			<string>Default-568h@2x.png</string>
			<key>sourceTree</key>
			<string>SOURCE_ROOT</string>
		</dict>
		<key>79714A7A165059A3000FE97C</key>
		<dict>
			<key>fileRef</key>
			<string>79714A79165059A3000FE97C</string>
			<key>isa</key>
			<string>PBXBuildFile</string>
		</dict>
		<key>799329F816374B9C009BF83F</key>
		<dict>
			<key>children</key>
			<array>
				<string>79F160701637C4FE00AC2AAA</string>
				<string>79F160711637C4FE00AC2AAA</string>
				<string>79714A7416505958000FE97C</string>
				<string>79714A7516505958000FE97C</string>
				<string>79714A79165059A3000FE97C</string>
				<string>792F4D2A164888AD003A3D09</string>
				<string>792F4D2B164888AD003A3D09</string>
				<string>795451CB1642601600C182FB</string>
				<string>795451CC1642601600C182FB</string>
				<string>792F4D3B1648AAA1003A3D09</string>
				<string>792F4D3C1648AAA1003A3D09</string>
				<string>79BF7EC016503ABC004E95C1</string>
				<string>79BF7EC116503ABC004E95C1</string>
				<string>799329FC16374B9C009BF83F</string>
				<string>799329FE16374B9C009BF83F</string>
				<string>799329FF16374B9C009BF83F</string>
				<string>79932A0016374B9C009BF83F</string>
				<string>79F1606416376ACB00AC2AAA</string>
				<string>79F1606616376B7000AC2AAA</string>
				<string>7927A873164381E900A5D10F</string>
				<string>7927A874164381E900A5D10F</string>
				<string>79DF16B516487E6C0073B7A5</string>
				<string>79DF16B616487E6C0073B7A5</string>
			</array>
			<key>isa</key>
			<string>PBXGroup</string>
			<key>name</key>
			<string>Images</string>
			<key>path</key>
			<string>../Images</string>
			<key>sourceTree</key>
			<string>&lt;group&gt;</string>
		</dict>
		<key>799329FC16374B9C009BF83F</key>
		<dict>
			<key>isa</key>
			<string>PBXFileReference</string>
			<key>lastKnownFileType</key>
			<string>image.png</string>
			<key>path</key>
			<string>nav.png</string>
			<key>sourceTree</key>
			<string>&lt;group&gt;</string>
		</dict>
		<key>799329FE16374B9C009BF83F</key>
		<dict>
			<key>isa</key>
			<string>PBXFileReference</string>
			<key>lastKnownFileType</key>
			<string>image.png</string>
			<key>path</key>
			<string>nav@2x.png</string>
			<key>sourceTree</key>
			<string>&lt;group&gt;</string>
		</dict>
		<key>799329FF16374B9C009BF83F</key>
		<dict>
			<key>isa</key>
			<string>PBXFileReference</string>
			<key>lastKnownFileType</key>
			<string>image.png</string>
			<key>path</key>
			<string>nav_shadow.png</string>
			<key>sourceTree</key>
			<string>&lt;group&gt;</string>
		</dict>
		<key>79932A0016374B9C009BF83F</key>
		<dict>
			<key>isa</key>
			<string>PBXFileReference</string>
			<key>lastKnownFileType</key>
			<string>image.png</string>
			<key>path</key>
			<string>nav_shadow@2x.png</string>
			<key>sourceTree</key>
			<string>&lt;group&gt;</string>
		</dict>
		<key>79932A0416374B9C009BF83F</key>
		<dict>
			<key>fileRef</key>
			<string>799329FC16374B9C009BF83F</string>
			<key>isa</key>
			<string>PBXBuildFile</string>
		</dict>
		<key>79932A0616374B9C009BF83F</key>
		<dict>
			<key>fileRef</key>
			<string>799329FE16374B9C009BF83F</string>
			<key>isa</key>
			<string>PBXBuildFile</string>
		</dict>
		<key>79932A0716374B9C009BF83F</key>
		<dict>
			<key>fileRef</key>
			<string>799329FF16374B9C009BF83F</string>
			<key>isa</key>
			<string>PBXBuildFile</string>
		</dict>
		<key>79932A0816374B9C009BF83F</key>
		<dict>
			<key>fileRef</key>
			<string>79932A0016374B9C009BF83F</string>
			<key>isa</key>
			<string>PBXBuildFile</string>
		</dict>
		<key>79932A1116374C20009BF83F</key>
		<dict>
			<key>children</key>
			<array>
				<string>795AE656164847A5004EE01C</string>
				<string>795AE657164847A5004EE01C</string>
				<string>796BB5A51649A78E00474042</string>
				<string>796BB5A61649A78E00474042</string>
			</array>
			<key>isa</key>
			<string>PBXGroup</string>
			<key>name</key>
			<string>Controllers</string>
			<key>path</key>
			<string>Heroku/Code</string>
			<key>sourceTree</key>
			<string>&lt;group&gt;</string>
		</dict>
		<key>79932A1516374C3E009BF83F</key>
		<dict>
			<key>children</key>
			<array>
				<string>799329F816374B9C009BF83F</string>
				<string>795AE65A1648504B004EE01C</string>
				<string>795AE65B1648504B004EE01C</string>
				<string>796BB5AE1649AA4500474042</string>
				<string>796BB5AF1649AA4500474042</string>
				<string>79DF16B3164860ED0073B7A5</string>
				<string>795AE65D16485150004EE01C</string>
				<string>795AE65E16485150004EE01C</string>
				<string>792F4D2F1648A311003A3D09</string>
				<string>792F4D311648A5E0003A3D09</string>
				<string>792F4D321648A5E0003A3D09</string>
				<string>796BB5AC1649A97B00474042</string>
				<string>796BB5A91649A96500474042</string>
				<string>796BB5AA1649A96500474042</string>
				<string>7960F074164A4CB800AD51E0</string>
				<string>7960F06F164A4C5300AD51E0</string>
				<string>7960F070164A4C5300AD51E0</string>
			</array>
			<key>isa</key>
			<string>PBXGroup</string>
			<key>name</key>
			<string>Views</string>
			<key>path</key>
			<string>Heroku/Code</string>
			<key>sourceTree</key>
			<string>&lt;group&gt;</string>
		</dict>
		<key>79932A27163757F6009BF83F</key>
		<dict>
			<key>children</key>
			<array>
				<string>795451C0164204A700C182FB</string>
				<string>795451C1164204A700C182FB</string>
				<string>7945900A1642E8590095B495</string>
				<string>7945900B1642E8590095B495</string>
			</array>
			<key>isa</key>
			<string>PBXGroup</string>
			<key>name</key>
			<string>Classes</string>
			<key>path</key>
			<string>Heroku/Code</string>
			<key>sourceTree</key>
			<string>&lt;group&gt;</string>
		</dict>
		<key>79932A2E163758D9009BF83F</key>
		<dict>
			<key>children</key>
			<array>
				<string>79932A3416375ACB009BF83F</string>
				<string>79C8732816432B250091467C</string>
				<string>79C8732916432B250091467C</string>
				<string>79C8732B16432B250091467C</string>
				<string>79C8732C16432B250091467C</string>
				<string>79932A2F163758F8009BF83F</string>
				<string>79932A30163758F8009BF83F</string>
				<string>79932A3716375B21009BF83F</string>
				<string>79932A3816375B21009BF83F</string>
				<string>79F1606116375ED400AC2AAA</string>
				<string>79F1606216375ED400AC2AAA</string>
			</array>
			<key>isa</key>
			<string>PBXGroup</string>
			<key>name</key>
			<string>Models</string>
			<key>path</key>
			<string>Heroku/Code</string>
			<key>sourceTree</key>
			<string>&lt;group&gt;</string>
		</dict>
		<key>79932A2F163758F8009BF83F</key>
		<dict>
			<key>fileEncoding</key>
			<string>4</string>
			<key>isa</key>
			<string>PBXFileReference</string>
			<key>lastKnownFileType</key>
			<string>sourcecode.c.h</string>
			<key>path</key>
			<string>HRKDataModel.h</string>
			<key>sourceTree</key>
			<string>&lt;group&gt;</string>
		</dict>
		<key>79932A30163758F8009BF83F</key>
		<dict>
			<key>fileEncoding</key>
			<string>4</string>
			<key>isa</key>
			<string>PBXFileReference</string>
			<key>lastKnownFileType</key>
			<string>sourcecode.c.objc</string>
			<key>path</key>
			<string>HRKDataModel.m</string>
			<key>sourceTree</key>
			<string>&lt;group&gt;</string>
		</dict>
		<key>79932A31163758F8009BF83F</key>
		<dict>
			<key>fileRef</key>
			<string>79932A30163758F8009BF83F</string>
			<key>isa</key>
			<string>PBXBuildFile</string>
		</dict>
		<key>79932A321637590F009BF83F</key>
		<dict>
			<key>isa</key>
			<string>PBXFileReference</string>
			<key>lastKnownFileType</key>
			<string>wrapper.framework</string>
			<key>name</key>
			<string>CoreData.framework</string>
			<key>path</key>
			<string>System/Library/Frameworks/CoreData.framework</string>
			<key>sourceTree</key>
			<string>SDKROOT</string>
		</dict>
		<key>79932A331637590F009BF83F</key>
		<dict>
			<key>fileRef</key>
			<string>79932A321637590F009BF83F</string>
			<key>isa</key>
			<string>PBXBuildFile</string>
		</dict>
		<key>79932A3416375ACB009BF83F</key>
		<dict>
			<key>children</key>
			<array>
				<string>794590081642E8070095B495</string>
				<string>79932A3516375ACB009BF83F</string>
			</array>
			<key>currentVersion</key>
			<string>79932A3516375ACB009BF83F</string>
			<key>isa</key>
			<string>XCVersionGroup</string>
			<key>path</key>
			<string>Heroku.xcdatamodeld</string>
			<key>sourceTree</key>
			<string>&lt;group&gt;</string>
			<key>versionGroupType</key>
			<string>wrapper.xcdatamodel</string>
		</dict>
		<key>79932A3516375ACB009BF83F</key>
		<dict>
			<key>isa</key>
			<string>PBXFileReference</string>
			<key>lastKnownFileType</key>
			<string>wrapper.xcdatamodel</string>
			<key>path</key>
			<string>Heroku.xcdatamodel</string>
			<key>sourceTree</key>
			<string>&lt;group&gt;</string>
		</dict>
		<key>79932A3616375ACB009BF83F</key>
		<dict>
			<key>fileRef</key>
			<string>79932A3416375ACB009BF83F</string>
			<key>isa</key>
			<string>PBXBuildFile</string>
		</dict>
		<key>79932A3716375B21009BF83F</key>
		<dict>
			<key>fileEncoding</key>
			<string>4</string>
			<key>isa</key>
			<string>PBXFileReference</string>
			<key>lastKnownFileType</key>
			<string>sourcecode.c.h</string>
			<key>path</key>
			<string>HRKIncrementalStore.h</string>
			<key>sourceTree</key>
			<string>&lt;group&gt;</string>
		</dict>
		<key>79932A3816375B21009BF83F</key>
		<dict>
			<key>fileEncoding</key>
			<string>4</string>
			<key>isa</key>
			<string>PBXFileReference</string>
			<key>lastKnownFileType</key>
			<string>sourcecode.c.objc</string>
			<key>path</key>
			<string>HRKIncrementalStore.m</string>
			<key>sourceTree</key>
			<string>&lt;group&gt;</string>
		</dict>
		<key>79932A3916375B21009BF83F</key>
		<dict>
			<key>fileRef</key>
			<string>79932A3816375B21009BF83F</string>
			<key>isa</key>
			<string>PBXBuildFile</string>
		</dict>
		<key>79BF7EC016503ABC004E95C1</key>
		<dict>
			<key>isa</key>
			<string>PBXFileReference</string>
			<key>lastKnownFileType</key>
			<string>image.png</string>
			<key>path</key>
			<string>headerbar.png</string>
			<key>sourceTree</key>
			<string>&lt;group&gt;</string>
		</dict>
		<key>79BF7EC116503ABC004E95C1</key>
		<dict>
			<key>isa</key>
			<string>PBXFileReference</string>
			<key>lastKnownFileType</key>
			<string>image.png</string>
			<key>path</key>
			<string>headerbar@2x.png</string>
			<key>sourceTree</key>
			<string>&lt;group&gt;</string>
		</dict>
		<key>79BF7EC216503ABC004E95C1</key>
		<dict>
			<key>fileRef</key>
			<string>79BF7EC016503ABC004E95C1</string>
			<key>isa</key>
			<string>PBXBuildFile</string>
		</dict>
		<key>79BF7EC316503ABC004E95C1</key>
		<dict>
			<key>fileRef</key>
			<string>79BF7EC116503ABC004E95C1</string>
			<key>isa</key>
			<string>PBXBuildFile</string>
		</dict>
		<key>79C8732816432B250091467C</key>
		<dict>
			<key>fileEncoding</key>
			<string>4</string>
			<key>isa</key>
			<string>PBXFileReference</string>
			<key>lastKnownFileType</key>
			<string>sourcecode.c.h</string>
			<key>path</key>
			<string>Issue.h</string>
			<key>sourceTree</key>
			<string>&lt;group&gt;</string>
		</dict>
		<key>79C8732916432B250091467C</key>
		<dict>
			<key>fileEncoding</key>
			<string>4</string>
			<key>isa</key>
			<string>PBXFileReference</string>
			<key>lastKnownFileType</key>
			<string>sourcecode.c.objc</string>
			<key>path</key>
			<string>Issue.m</string>
			<key>sourceTree</key>
			<string>&lt;group&gt;</string>
		</dict>
		<key>79C8732A16432B250091467C</key>
		<dict>
			<key>fileRef</key>
			<string>79C8732916432B250091467C</string>
			<key>isa</key>
			<string>PBXBuildFile</string>
		</dict>
		<key>79C8732B16432B250091467C</key>
		<dict>
			<key>fileEncoding</key>
			<string>4</string>
			<key>isa</key>
			<string>PBXFileReference</string>
			<key>lastKnownFileType</key>
			<string>sourcecode.c.h</string>
			<key>path</key>
			<string>Update.h</string>
			<key>sourceTree</key>
			<string>&lt;group&gt;</string>
		</dict>
		<key>79C8732C16432B250091467C</key>
		<dict>
			<key>fileEncoding</key>
			<string>4</string>
			<key>isa</key>
			<string>PBXFileReference</string>
			<key>lastKnownFileType</key>
			<string>sourcecode.c.objc</string>
			<key>path</key>
			<string>Update.m</string>
			<key>sourceTree</key>
			<string>&lt;group&gt;</string>
		</dict>
		<key>79C8732D16432B250091467C</key>
		<dict>
			<key>fileRef</key>
			<string>79C8732C16432B250091467C</string>
			<key>isa</key>
			<string>PBXBuildFile</string>
		</dict>
		<key>79DF16B016485E100073B7A5</key>
		<dict>
			<key>isa</key>
			<string>PBXFileReference</string>
			<key>lastKnownFileType</key>
			<string>wrapper.framework</string>
			<key>name</key>
			<string>QuartzCore.framework</string>
			<key>path</key>
			<string>System/Library/Frameworks/QuartzCore.framework</string>
			<key>sourceTree</key>
			<string>SDKROOT</string>
		</dict>
		<key>79DF16B116485E100073B7A5</key>
		<dict>
			<key>fileRef</key>
			<string>79DF16B016485E100073B7A5</string>
			<key>isa</key>
			<string>PBXBuildFile</string>
		</dict>
		<key>79DF16B3164860ED0073B7A5</key>
		<dict>
			<key>fileEncoding</key>
			<string>4</string>
			<key>isa</key>
			<string>PBXFileReference</string>
			<key>lastKnownFileType</key>
			<string>file.xib</string>
			<key>path</key>
			<string>HRKIssueCell.xib</string>
			<key>sourceTree</key>
			<string>&lt;group&gt;</string>
		</dict>
		<key>79DF16B4164860ED0073B7A5</key>
		<dict>
			<key>fileRef</key>
			<string>79DF16B3164860ED0073B7A5</string>
			<key>isa</key>
			<string>PBXBuildFile</string>
		</dict>
		<key>79DF16B516487E6C0073B7A5</key>
		<dict>
			<key>isa</key>
			<string>PBXFileReference</string>
			<key>lastKnownFileType</key>
			<string>image.png</string>
			<key>path</key>
			<string>active_titlebar.png</string>
			<key>sourceTree</key>
			<string>&lt;group&gt;</string>
		</dict>
		<key>79DF16B616487E6C0073B7A5</key>
		<dict>
			<key>isa</key>
			<string>PBXFileReference</string>
			<key>lastKnownFileType</key>
			<string>image.png</string>
			<key>path</key>
			<string>active_titlebar@2x.png</string>
			<key>sourceTree</key>
			<string>&lt;group&gt;</string>
		</dict>
		<key>79DF16B716487E6C0073B7A5</key>
		<dict>
			<key>fileRef</key>
			<string>79DF16B516487E6C0073B7A5</string>
			<key>isa</key>
			<string>PBXBuildFile</string>
		</dict>
		<key>79DF16B816487E6C0073B7A5</key>
		<dict>
			<key>fileRef</key>
			<string>79DF16B616487E6C0073B7A5</string>
			<key>isa</key>
			<string>PBXBuildFile</string>
		</dict>
		<key>79F1606116375ED400AC2AAA</key>
		<dict>
			<key>fileEncoding</key>
			<string>4</string>
			<key>isa</key>
			<string>PBXFileReference</string>
			<key>lastKnownFileType</key>
			<string>sourcecode.c.h</string>
			<key>path</key>
			<string>HRKAPIClient.h</string>
			<key>sourceTree</key>
			<string>&lt;group&gt;</string>
		</dict>
		<key>79F1606216375ED400AC2AAA</key>
		<dict>
			<key>fileEncoding</key>
			<string>4</string>
			<key>isa</key>
			<string>PBXFileReference</string>
			<key>lastKnownFileType</key>
			<string>sourcecode.c.objc</string>
			<key>path</key>
			<string>HRKAPIClient.m</string>
			<key>sourceTree</key>
			<string>&lt;group&gt;</string>
		</dict>
		<key>79F1606316375ED500AC2AAA</key>
		<dict>
			<key>fileRef</key>
			<string>79F1606216375ED400AC2AAA</string>
			<key>isa</key>
			<string>PBXBuildFile</string>
		</dict>
		<key>79F1606416376ACB00AC2AAA</key>
		<dict>
			<key>isa</key>
			<string>PBXFileReference</string>
			<key>lastKnownFileType</key>
			<string>image.png</string>
			<key>path</key>
			<string>repeating.png</string>
			<key>sourceTree</key>
			<string>&lt;group&gt;</string>
		</dict>
		<key>79F1606516376ACB00AC2AAA</key>
		<dict>
			<key>fileRef</key>
			<string>79F1606416376ACB00AC2AAA</string>
			<key>isa</key>
			<string>PBXBuildFile</string>
		</dict>
		<key>79F1606616376B7000AC2AAA</key>
		<dict>
			<key>isa</key>
			<string>PBXFileReference</string>
			<key>lastKnownFileType</key>
			<string>image.png</string>
			<key>path</key>
			<string>repeating@2x.png</string>
			<key>sourceTree</key>
			<string>&lt;group&gt;</string>
		</dict>
		<key>79F1606716376B7000AC2AAA</key>
		<dict>
			<key>fileRef</key>
			<string>79F1606616376B7000AC2AAA</string>
			<key>isa</key>
			<string>PBXBuildFile</string>
		</dict>
		<key>79F160701637C4FE00AC2AAA</key>
		<dict>
			<key>isa</key>
			<string>PBXFileReference</string>
			<key>lastKnownFileType</key>
			<string>image.png</string>
			<key>path</key>
			<string>Icon.png</string>
			<key>sourceTree</key>
			<string>SOURCE_ROOT</string>
		</dict>
		<key>79F160711637C4FE00AC2AAA</key>
		<dict>
			<key>isa</key>
			<string>PBXFileReference</string>
			<key>lastKnownFileType</key>
			<string>image.png</string>
			<key>path</key>
			<string>Icon@2x.png</string>
			<key>sourceTree</key>
			<string>SOURCE_ROOT</string>
		</dict>
		<key>79F160721637C4FE00AC2AAA</key>
		<dict>
			<key>fileRef</key>
			<string>79F160701637C4FE00AC2AAA</string>
			<key>isa</key>
			<string>PBXBuildFile</string>
		</dict>
		<key>79F160731637C4FE00AC2AAA</key>
		<dict>
			<key>fileRef</key>
			<string>79F160711637C4FE00AC2AAA</string>
			<key>isa</key>
			<string>PBXBuildFile</string>
		</dict>
		<key>7A82070330104C64A8E9CCD6</key>
		<dict>
			<key>explicitFileType</key>
			<string>archive.ar</string>
			<key>includeInIndex</key>
			<string>0</string>
			<key>isa</key>
			<string>PBXFileReference</string>
			<key>path</key>
			<string>libPods.a</string>
			<key>sourceTree</key>
			<string>BUILT_PRODUCTS_DIR</string>
		</dict>
		<key>8CAF366B403A469B8B819420</key>
		<dict>
			<key>buildActionMask</key>
			<string>2147483647</string>
			<key>files</key>
			<array/>
			<key>inputPaths</key>
			<array/>
			<key>isa</key>
			<string>PBXShellScriptBuildPhase</string>
			<key>name</key>
			<string>Copy Pods Resources</string>
			<key>outputPaths</key>
			<array/>
			<key>runOnlyForDeploymentPostprocessing</key>
			<string>0</string>
			<key>shellPath</key>
			<string>/bin/sh</string>
			<key>shellScript</key>
			<string>"${SRCROOT}/Pods/Pods-resources.sh"
</string>
		</dict>
		<key>96FAF4BD96DF4C308859C84D</key>
		<dict>
			<key>buildActionMask</key>
			<string>2147483647</string>
			<key>files</key>
			<array/>
			<key>inputPaths</key>
			<array/>
			<key>isa</key>
			<string>PBXShellScriptBuildPhase</string>
			<key>name</key>
			<string>Copy Pods Resources</string>
			<key>outputPaths</key>
			<array/>
			<key>runOnlyForDeploymentPostprocessing</key>
			<string>0</string>
			<key>shellPath</key>
			<string>/bin/sh</string>
			<key>shellScript</key>
			<string>"${SRCROOT}/Pods/Pods-resources.sh"
</string>
		</dict>
		<key>A87CC05B83054A7C99828F0C</key>
		<dict>
			<key>fileRef</key>
			<string>7A82070330104C64A8E9CCD6</string>
			<key>isa</key>
			<string>PBXBuildFile</string>
		</dict>
		<key>BBF46AD8B6D645719498661E</key>
		<dict>
			<key>includeInIndex</key>
			<string>1</string>
			<key>isa</key>
			<string>PBXFileReference</string>
			<key>lastKnownFileType</key>
			<string>text.xcconfig</string>
			<key>name</key>
			<string>Pods.xcconfig</string>
			<key>path</key>
			<string>Pods/Pods.xcconfig</string>
			<key>sourceTree</key>
			<string>SOURCE_ROOT</string>
		</dict>
		<key>C1E21E6BE17D43BF836BE464</key>
		<dict>
			<key>includeInIndex</key>
			<string>1</string>
			<key>isa</key>
			<string>PBXFileReference</string>
			<key>lastKnownFileType</key>
			<string>text.xcconfig</string>
			<key>name</key>
			<string>Pods.xcconfig</string>
			<key>path</key>
			<string>Pods/Pods.xcconfig</string>
			<key>sourceTree</key>
			<string>SOURCE_ROOT</string>
		</dict>
		<key>D5F052AFFACD4FED8D1CA8D4</key>
		<dict>
			<key>buildActionMask</key>
			<string>2147483647</string>
			<key>files</key>
			<array/>
			<key>inputPaths</key>
			<array/>
			<key>isa</key>
			<string>PBXShellScriptBuildPhase</string>
			<key>name</key>
			<string>Copy Pods Resources</string>
			<key>outputPaths</key>
			<array/>
			<key>runOnlyForDeploymentPostprocessing</key>
			<string>0</string>
			<key>shellPath</key>
			<string>/bin/sh</string>
			<key>shellScript</key>
			<string>"${SRCROOT}/Pods/Pods-resources.sh"
</string>
		</dict>
		<key>DE46A214B7E2469AA68B2384</key>
		<dict>
			<key>explicitFileType</key>
			<string>archive.ar</string>
			<key>includeInIndex</key>
			<string>0</string>
			<key>isa</key>
			<string>PBXFileReference</string>
			<key>name</key>
			<string>libPods.a</string>
			<key>path</key>
			<string>libPods.a</string>
			<key>sourceTree</key>
			<string>BUILT_PRODUCTS_DIR</string>
		</dict>
		<key>F050A81C3F64492E900C605F</key>
		<dict>
			<key>fileRef</key>
			<string>DE46A214B7E2469AA68B2384</string>
			<key>isa</key>
			<string>PBXBuildFile</string>
			<key>settings</key>
			<dict/>
		</dict>
		<key>FE7935325DD14D66BDDCACE7</key>
		<dict>
			<key>fileRef</key>
			<string>5671C40DF10944099D466EA6</string>
			<key>isa</key>
			<string>PBXBuildFile</string>
		</dict>
	</dict>
	<key>rootObject</key>
	<string>790247C116374A3000B912C6</string>
</dict>
</plist>
